
Microsoft Visual Studio Solution File, Format Version 12.00
# Visual Studio Version 17
VisualStudioVersion = 17.13.35828.75 d17.13
MinimumVisualStudioVersion = 10.0.40219.1
Project("{FAE04EC0-301F-11D3-BF4B-00C04F79EFBC}") = "StudentPerformance.Api", "StudentPerformance.Api\StudentPerformance.Api.csproj", "{2D70D75C-B90A-4CCF-8D0E-4BC062950169}"
EndProject
Global
	GlobalSection(SolutionConfigurationPlatforms) = preSolution
		Debug|Any CPU = Debug|Any CPU
		Release|Any CPU = Release|Any CPU
	EndGlobalSection
	GlobalSection(ProjectConfigurationPlatforms) = postSolution
		{2D70D75C-B90A-4CCF-8D0E-4BC062950169}.Debug|Any CPU.ActiveCfg = Debug|Any CPU
		{2D70D75C-B90A-4CCF-8D0E-4BC062950169}.Debug|Any CPU.Build.0 = Debug|Any CPU
		{2D70D75C-B90A-4CCF-8D0E-4BC062950169}.Release|Any CPU.ActiveCfg = Release|Any CPU
		{2D70D75C-B90A-4CCF-8D0E-4BC062950169}.Release|Any CPU.Build.0 = Release|Any CPU
	EndGlobalSection
	GlobalSection(SolutionProperties) = preSolution
		HideSolutionNode = FALSE
	EndGlobalSection
	GlobalSection(ExtensibilityGlobals) = postSolution
		SolutionGuid = {C0782819-1DE9-4C80-8994-783CE1232086}
	EndGlobalSection
EndGlobal
